lockfileVersion: '9.0'

settings:
  autoInstallPeers: true
  excludeLinksFromLockfile: false

importers:

  .: {}

  backend/api:
    devDependencies:
      typescript:
        specifier: ^5.8.2
        version: 5.8.2

  frontend/admin:
    devDependencies:
      typescript:
        specifier: ^5.8.2
        version: 5.8.2

  frontend/web:
    devDependencies:
      typescript:
        specifier: ^5.8.2
        version: 5.8.2

  packages/biomeconfig:
    devDependencies:
      typescript:
        specifier: ^5.8.2
        version: 5.8.2

  packages/database:
    devDependencies:
      typescript:
        specifier: ^5.8.2
        version: 5.8.2

  packages/tsconfig:
    devDependencies:
      typescript:
        specifier: ^5.8.2
        version: 5.8.2

  packages/ui:
    devDependencies:
      typescript:
        specifier: ^5.8.2
        version: 5.8.2

packages:

  typescript@5.8.2:
    resolution: {integrity: sha512-aJn6wq13/afZp/jT9QZmwEjDqqvSGp1VT5GVg+f/t6/oVyrgXM6BY1h9BRh/O5p3PlUPAe+WuiEZOmb/49RqoQ==}
    engines: {node: '>=14.17'}
    hasBin: true

snapshots:

  typescript@5.8.2: {}
